
Microsoft Visual Studio Solution File, Format Version 12.00
# Visual Studio Version 17
VisualStudioVersion = 17.4.33213.308
MinimumVisualStudioVersion = 10.0.40219.1
Project("{FAE04EC0-301F-11D3-BF4B-00C04F79EFBC}") = "JarInfectionScanner", "JarInfectionScanner.csproj", "{C3267B50-09D8-4015-A2DD-9F0E17F55B91}"
EndProject
Global
	GlobalSection(SolutionConfigurationPlatforms) = preSolution
		Debug|Any CPU = Debug|Any CPU
		Release|Any CPU = Release|Any CPU
	EndGlobalSection
	GlobalSection(ProjectConfigurationPlatforms) = postSolution
		{C3267B50-09D8-4015-A2DD-9F0E17F55B91}.Debug|Any CPU.ActiveCfg = Debug|Any CPU
		{C3267B50-09D8-4015-A2DD-9F0E17F55B91}.Debug|Any CPU.Build.0 = Debug|Any CPU
		{C3267B50-09D8-4015-A2DD-9F0E17F55B91}.Release|Any CPU.ActiveCfg = Release|Any CPU
		{C3267B50-09D8-4015-A2DD-9F0E17F55B91}.Release|Any CPU.Build.0 = Release|Any CPU
	EndGlobalSection
	GlobalSection(SolutionProperties) = preSolution
		HideSolutionNode = FALSE
	EndGlobalSection
	GlobalSection(ExtensibilityGlobals) = postSolution
		SolutionGuid = {7C3C36A0-529D-4C7E-82EC-EDE9817C93FF}
	EndGlobalSection
EndGlobal
